
Microsoft Visual Studio Solution File, Format Version 12.00
# Visual Studio 15
VisualStudioVersion = 15.0.28307.1000
MinimumVisualStudioVersion = 10.0.40219.1
Project("{FAE04EC0-301F-11D3-BF4B-00C04F79EFBC}") = "Financial Calculator", "Financial Calculator\Financial Calculator.csproj", "{AC15E64E-AF9F-4055-A57D-BA9D94BB34D1}"
EndProject
Global
	GlobalSection(SolutionConfigurationPlatforms) = preSolution
		Debug|Any CPU = Debug|Any CPU
		Release|Any CPU = Release|Any CPU
	EndGlobalSection
	GlobalSection(ProjectConfigurationPlatforms) = postSolution
		{AC15E64E-AF9F-4055-A57D-BA9D94BB34D1}.Debug|Any CPU.ActiveCfg = Debug|Any CPU
		{AC15E64E-AF9F-4055-A57D-BA9D94BB34D1}.Debug|Any CPU.Build.0 = Debug|Any CPU
		{AC15E64E-AF9F-4055-A57D-BA9D94BB34D1}.Release|Any CPU.ActiveCfg = Release|Any CPU
		{AC15E64E-AF9F-4055-A57D-BA9D94BB34D1}.Release|Any CPU.Build.0 = Release|Any CPU
	EndGlobalSection
	GlobalSection(SolutionProperties) = preSolution
		HideSolutionNode = FALSE
	EndGlobalSection
	GlobalSection(ExtensibilityGlobals) = postSolution
		SolutionGuid = {37B7ACF4-1C9D-4C95-B045-EA073E218695}
	EndGlobalSection
EndGlobal
